
Microsoft Visual Studio Solution File, Format Version 12.00
# Visual Studio Version 16
VisualStudioVersion = 16.0.32002.261
MinimumVisualStudioVersion = 10.0.40219.1
Project("{FAE04EC0-301F-11D3-BF4B-00C04F79EFBC}") = "Binance_Trader", "Binance_Trader\Binance_Trader.csproj", "{F4741A5D-3442-453E-AB44-5BB93B2F9EC8}"
EndProject
Global
	GlobalSection(SolutionConfigurationPlatforms) = preSolution
		Debug|Any CPU = Debug|Any CPU
		Release|Any CPU = Release|Any CPU
	EndGlobalSection
	GlobalSection(ProjectConfigurationPlatforms) = postSolution
		{F4741A5D-3442-453E-AB44-5BB93B2F9EC8}.Debug|Any CPU.ActiveCfg = Debug|Any CPU
		{F4741A5D-3442-453E-AB44-5BB93B2F9EC8}.Debug|Any CPU.Build.0 = Debug|Any CPU
		{F4741A5D-3442-453E-AB44-5BB93B2F9EC8}.Release|Any CPU.ActiveCfg = Release|Any CPU
		{F4741A5D-3442-453E-AB44-5BB93B2F9EC8}.Release|Any CPU.Build.0 = Release|Any CPU
	EndGlobalSection
	GlobalSection(SolutionProperties) = preSolution
		HideSolutionNode = FALSE
	EndGlobalSection
	GlobalSection(ExtensibilityGlobals) = postSolution
		SolutionGuid = {D4C7CB30-6DBB-4F57-B510-B4D555BE0D23}
	EndGlobalSection
EndGlobal
